
Microsoft Visual Studio Solution File, Format Version 12.00
# Visual Studio Version 17
VisualStudioVersion = 17.13.35931.197 d17.13
MinimumVisualStudioVersion = 10.0.40219.1
Project("{FAE04EC0-301F-11D3-BF4B-00C04F79EFBC}") = "Steady-Management-App", "Steady-Management-App.csproj", "{271DE398-0E73-4680-88CE-B8206649F69A}"
EndProject
Global
	GlobalSection(SolutionConfigurationPlatforms) = preSolution
		Debug|Any CPU = Debug|Any CPU
		Release|Any CPU = Release|Any CPU
	EndGlobalSection
	GlobalSection(ProjectConfigurationPlatforms) = postSolution
		{271DE398-0E73-4680-88CE-B8206649F69A}.Debug|Any CPU.ActiveCfg = Debug|Any CPU
		{271DE398-0E73-4680-88CE-B8206649F69A}.Debug|Any CPU.Build.0 = Debug|Any CPU
		{271DE398-0E73-4680-88CE-B8206649F69A}.Release|Any CPU.ActiveCfg = Release|Any CPU
		{271DE398-0E73-4680-88CE-B8206649F69A}.Release|Any CPU.Build.0 = Release|Any CPU
	EndGlobalSection
	GlobalSection(SolutionProperties) = preSolution
		HideSolutionNode = FALSE
	EndGlobalSection
	GlobalSection(ExtensibilityGlobals) = postSolution
		SolutionGuid = {0789413D-D5FB-4C34-81DD-751EA70925A8}
	EndGlobalSection
EndGlobal
